# THIS IS AN AUTOGENERATED FILE. DO NOT EDIT THIS FILE DIRECTLY.
# yarn lockfile v1
angular-input-masks:
  version "2.5.0"
  resolved "https://registry.yarnpkg.com/angular-input-masks/-/angular-input-masks-2.5.0.tgz#9efdcd12a43e6bde06262010ee3caa71ac136a77"
  dependencies:
    br-validations "^0.2.4"
    moment "^2.8.4"
    string-mask "^0.3.0"

br-validations@^0.2.4:
  version "0.2.4"
  resolved "https://registry.yarnpkg.com/br-validations/-/br-validations-0.2.4.tgz#1e86f21791dab1e7adebe462423a807f95f54f43"

moment@^2.8.4:
  version "2.17.1"
  resolved "https://registry.yarnpkg.com/moment/-/moment-2.17.1.tgz#fed9506063f36b10f066c8b59a144d7faebe1d82"

string-mask@^0.3.0:
  version "0.3.0"
  resolved "https://registry.yarnpkg.com/string-mask/-/string-mask-0.3.0.tgz#9e7244b87bb2f6f9647e2ac98f96fa1a57c21198"

v-mask@^1.0.2:
  version "1.0.2"
  resolved "https://registry.yarnpkg.com/v-mask/-/v-mask-1.0.2.tgz#9f3ca70c9e6963a0a42e986a4385431e09a933ef"

